version = 1
revision = 3
requires-python = ">=3.10"

[[package]]
name = "mazegenerator"
version = "2.1.0"
source = { path = "/home/mobenais/Documents/pac_man/mazegenerator-2.1.0-py3-none-any.whl" }
wheels = [
    { filename = "mazegenerator-2.1.0-py3-none-any.whl", hash = "sha256:98e12f7e989cef03dd4411657d7bee12653804aee87a568eddfaf21436ffd4aa" },
]

[[package]]
name = "pac-man"
version = "0.1.0"
source = { virtual = "." }
dependencies = [
    { name = "mazegenerator" },
    { name = "pyglet" },
]

[package.metadata]
requires-dist = [
    { name = "mazegenerator", path = "/home/mobenais/Documents/pac_man/mazegenerator-2.1.0-py3-none-any.whl" },
    { name = "pyglet" },
]

[[package]]
name = "pyglet"
version = "2.1.15"
source = { registry = "https://pypi.org/simple" }
sdist = { url = "https://files.pythonhosted.org/packages/26/ee/5caebffaf0345e5ccf342c30605898bd07654cee626154f7af2e465cc81c/pyglet-2.1.15.tar.gz", hash = "sha256:0ef34fe730808a97e48c24dd6ed4ff614024b980955ed8dbc2dd01ededaa08cb", size = 6597005, upload-time = "2026-06-28T11:39:09.98Z" }
wheels = [
    { url = "https://files.pythonhosted.org/packages/1e/a8/9a203001fa496934708baf6cadc54b62e453f1256d5d88589c71019dd751/pyglet-2.1.15-py3-none-any.whl", hash = "sha256:8709131baf5e96c496d38197ff9f9207ad06f273c9694570008b145c58bf51ae", size = 1036800, upload-time = "2026-06-28T11:39:04.717Z" },
]
