version = 1
revision = 3
requires-python = ">=3.10"

[[package]]
name = "mazegenerator"
version = "2.1.0"
source = { path = "/home/mobenais/Documents/pac_man/mazegenerator-2.1.0-py3-none-any.whl" }
wheels = [
    { filename = "mazegenerator-2.1.0-py3-none-any.whl", hash = "sha256:98e12f7e989cef03dd4411657d7bee12653804aee87a568eddfaf21436ffd4aa" },
]

[[package]]
name = "pac-man"
version = "0.1.0"
source = { virtual = "." }
dependencies = [
    { name = "mazegenerator" },
]

[package.metadata]
requires-dist = [{ name = "mazegenerator", path = "/home/mobenais/Documents/pac_man/mazegenerator-2.1.0-py3-none-any.whl" }]
